
Microsoft Visual Studio Solution File, Format Version 12.00
# Visual Studio Version 17
VisualStudioVersion = 17.3.32811.315
MinimumVisualStudioVersion = 10.0.40219.1
Project("{2150E333-8FDC-42A3-9474-1A3956D46DE8}") = "Day02", "Day02", "{3EDAFF7B-99E8-4B3D-BD09-2C3CCC2540EE}"
EndProject
Project("{2150E333-8FDC-42A3-9474-1A3956D46DE8}") = "Day01", "Day01", "{DB753BC3-28B5-4065-B96E-644A051BDE51}"
EndProject
Project("{9A19103F-16F7-4668-BE54-9A1E7A4F7556}") = "AdventOfCode22Day1", "AdventOfCode22Day1\AdventOfCode22Day1.csproj", "{B36AB429-D653-41A1-9C0B-A269F991C0A0}"
EndProject
Project("{9A19103F-16F7-4668-BE54-9A1E7A4F7556}") = "AdventOfCode22Day2", "AdventOfCode22Day2\AdventOfCode22Day2.csproj", "{1BBB96A9-12B9-4358-82C6-ECD57ABAD0D8}"
EndProject
Project("{2150E333-8FDC-42A3-9474-1A3956D46DE8}") = "Day03", "Day03", "{C902244F-5A13-4FB7-BD65-2BBAA9C7BC1C}"
EndProject
Project("{9A19103F-16F7-4668-BE54-9A1E7A4F7556}") = "AdventOfCode22Day3", "AdventOfCode22Day3\AdventOfCode22Day3.csproj", "{1662DEA3-49CC-4B2E-BA10-54BC35F74821}"
EndProject
Project("{2150E333-8FDC-42A3-9474-1A3956D46DE8}") = "Day04", "Day04", "{17867249-3536-4ADD-A6E2-616BD7B5E381}"
EndProject
Project("{9A19103F-16F7-4668-BE54-9A1E7A4F7556}") = "AdventOfCode22Day4", "AdventOfCode22Day4\AdventOfCode22Day4.csproj", "{A582BA92-141A-4E69-85B2-60E688FC6441}"
EndProject
Project("{2150E333-8FDC-42A3-9474-1A3956D46DE8}") = "Day08", "Day08", "{098E0F29-28E0-4FE4-8DC7-416AD00BDE19}"
EndProject
Project("{9A19103F-16F7-4668-BE54-9A1E7A4F7556}") = "AdventOfCode22Day8", "AdventOfCode22Day8\AdventOfCode22Day8.csproj", "{31448DF4-1584-4BA9-A550-67802C2DB96D}"
EndProject
Project("{2150E333-8FDC-42A3-9474-1A3956D46DE8}") = "Day05", "Day05", "{9AA4BA83-BEEC-4CCA-B55A-A75AAF06E9D8}"
EndProject
Project("{9A19103F-16F7-4668-BE54-9A1E7A4F7556}") = "AdventOfCode22Day5", "AdventOfCode22Day5\AdventOfCode22Day5.csproj", "{0B9C7FBA-55A1-4278-86C3-59F3B0D0941D}"
EndProject
Project("{2150E333-8FDC-42A3-9474-1A3956D46DE8}") = "Day06", "Day06", "{DD73B75B-623E-4ED1-B0DB-89D055C5179B}"
EndProject
Project("{9A19103F-16F7-4668-BE54-9A1E7A4F7556}") = "AdventOfCode22Day6", "AdventOfCode22Day6\AdventOfCode22Day6.csproj", "{1EB8ACD7-D448-4EB6-A78E-5CBEA70A0BDB}"
EndProject
Project("{2150E333-8FDC-42A3-9474-1A3956D46DE8}") = "Day07", "Day07", "{B7CCBD2B-0417-4C14-B227-8E80975942FC}"
EndProject
Project("{9A19103F-16F7-4668-BE54-9A1E7A4F7556}") = "AdventOfCode22Day7", "AdventOfCode22Day7\AdventOfCode22Day7.csproj", "{F9212600-5FA0-4E12-AE14-C762BCDCB490}"
EndProject
Project("{2150E333-8FDC-42A3-9474-1A3956D46DE8}") = "Day09", "Day09", "{3686CFF9-CD0A-4E28-A807-0EAC9E6385B4}"
EndProject
Project("{9A19103F-16F7-4668-BE54-9A1E7A4F7556}") = "AdventOfCode22Day9", "AdventOfCode22Day9\AdventOfCode22Day9.csproj", "{98AB2C2F-D8B0-4640-BFB2-8688E695048F}"
EndProject
Project("{2150E333-8FDC-42A3-9474-1A3956D46DE8}") = "Day10", "Day10", "{086DF53D-10FD-440A-ACCE-DDDAF42227D0}"
EndProject
Project("{9A19103F-16F7-4668-BE54-9A1E7A4F7556}") = "AdventOfCode22Day10", "AdventOfCode22Day10\AdventOfCode22Day10.csproj", "{1D45F02E-192F-434A-B8BE-0BBE30706450}"
EndProject
Project("{2150E333-8FDC-42A3-9474-1A3956D46DE8}") = "Day11", "Day11", "{F6121BF1-A9D1-43D9-A602-9E8ED8D649CD}"
EndProject
Project("{9A19103F-16F7-4668-BE54-9A1E7A4F7556}") = "AdventOfCode22Day11", "AdventOfCode22Day11\AdventOfCode22Day11.csproj", "{73F75ED4-70D5-430D-9611-EB529FEC834F}"
EndProject
Project("{2150E333-8FDC-42A3-9474-1A3956D46DE8}") = "Day12", "Day12", "{6856A893-9C73-42AE-9524-3B635EB512E5}"
EndProject
Project("{9A19103F-16F7-4668-BE54-9A1E7A4F7556}") = "AdventOfCode22Day12", "AdventOfCode22Day12\AdventOfCode22Day12.csproj", "{74F75377-1ED1-4838-A736-D7C1F27AF4A4}"
EndProject
Project("{2150E333-8FDC-42A3-9474-1A3956D46DE8}") = "Day13", "Day13", "{DC515D69-6E63-4AAE-8E26-EC77FC422464}"
EndProject
Project("{9A19103F-16F7-4668-BE54-9A1E7A4F7556}") = "AdventOfCode22Day13", "AdventOfCode22Day13\AdventOfCode22Day13.csproj", "{3DA9547B-DC83-4695-B4E3-34B9621B3BC4}"
EndProject
Project("{2150E333-8FDC-42A3-9474-1A3956D46DE8}") = "Day14", "Day14", "{66DDEDC7-E787-49C9-8A57-C2007C185F8F}"
EndProject
Project("{9A19103F-16F7-4668-BE54-9A1E7A4F7556}") = "AdventOfCode22Day14", "AdventOfCode22Day14\AdventOfCode22Day14.csproj", "{0854121C-A3CC-4300-B740-B509B5088BA4}"
EndProject
Project("{2150E333-8FDC-42A3-9474-1A3956D46DE8}") = "Day15", "Day15", "{AD06BA00-8FF5-4EE0-81B0-2FD582751D17}"
EndProject
Project("{9A19103F-16F7-4668-BE54-9A1E7A4F7556}") = "AdventOfCode22Day15", "AdventOfCode22Day15\AdventOfCode22Day15.csproj", "{BB4C47E0-8E55-4248-B9D9-410BD4E046D6}"
EndProject
Project("{2150E333-8FDC-42A3-9474-1A3956D46DE8}") = "Day16", "Day16", "{07F4FDA0-92A4-4FC5-A3D9-F7020A939477}"
EndProject
Project("{FAE04EC0-301F-11D3-BF4B-00C04F79EFBC}") = "AdventOfCode22Day16", "AdventOfCode22Day16\AdventOfCode22Day16.csproj", "{87DAD1CF-9D5E-462E-8D66-62713D5F82CE}"
EndProject
Global
	GlobalSection(SolutionConfigurationPlatforms) = preSolution
		Debug|Any CPU = Debug|Any CPU
		Release|Any CPU = Release|Any CPU
	EndGlobalSection
	GlobalSection(ProjectConfigurationPlatforms) = postSolution
		{B36AB429-D653-41A1-9C0B-A269F991C0A0}.Debug|Any CPU.ActiveCfg = Debug|Any CPU
		{B36AB429-D653-41A1-9C0B-A269F991C0A0}.Debug|Any CPU.Build.0 = Debug|Any CPU
		{B36AB429-D653-41A1-9C0B-A269F991C0A0}.Release|Any CPU.ActiveCfg = Release|Any CPU
		{B36AB429-D653-41A1-9C0B-A269F991C0A0}.Release|Any CPU.Build.0 = Release|Any CPU
		{1BBB96A9-12B9-4358-82C6-ECD57ABAD0D8}.Debug|Any CPU.ActiveCfg = Debug|Any CPU
		{1BBB96A9-12B9-4358-82C6-ECD57ABAD0D8}.Debug|Any CPU.Build.0 = Debug|Any CPU
		{1BBB96A9-12B9-4358-82C6-ECD57ABAD0D8}.Release|Any CPU.ActiveCfg = Release|Any CPU
		{1BBB96A9-12B9-4358-82C6-ECD57ABAD0D8}.Release|Any CPU.Build.0 = Release|Any CPU
		{1662DEA3-49CC-4B2E-BA10-54BC35F74821}.Debug|Any CPU.ActiveCfg = Debug|Any CPU
		{1662DEA3-49CC-4B2E-BA10-54BC35F74821}.Debug|Any CPU.Build.0 = Debug|Any CPU
		{1662DEA3-49CC-4B2E-BA10-54BC35F74821}.Release|Any CPU.ActiveCfg = Release|Any CPU
		{1662DEA3-49CC-4B2E-BA10-54BC35F74821}.Release|Any CPU.Build.0 = Release|Any CPU
		{A582BA92-141A-4E69-85B2-60E688FC6441}.Debug|Any CPU.ActiveCfg = Debug|Any CPU
		{A582BA92-141A-4E69-85B2-60E688FC6441}.Debug|Any CPU.Build.0 = Debug|Any CPU
		{A582BA92-141A-4E69-85B2-60E688FC6441}.Release|Any CPU.ActiveCfg = Release|Any CPU
		{A582BA92-141A-4E69-85B2-60E688FC6441}.Release|Any CPU.Build.0 = Release|Any CPU
		{31448DF4-1584-4BA9-A550-67802C2DB96D}.Debug|Any CPU.ActiveCfg = Debug|Any CPU
		{31448DF4-1584-4BA9-A550-67802C2DB96D}.Debug|Any CPU.Build.0 = Debug|Any CPU
		{31448DF4-1584-4BA9-A550-67802C2DB96D}.Release|Any CPU.ActiveCfg = Release|Any CPU
		{31448DF4-1584-4BA9-A550-67802C2DB96D}.Release|Any CPU.Build.0 = Release|Any CPU
		{0B9C7FBA-55A1-4278-86C3-59F3B0D0941D}.Debug|Any CPU.ActiveCfg = Debug|Any CPU
		{0B9C7FBA-55A1-4278-86C3-59F3B0D0941D}.Debug|Any CPU.Build.0 = Debug|Any CPU
		{0B9C7FBA-55A1-4278-86C3-59F3B0D0941D}.Release|Any CPU.ActiveCfg = Release|Any CPU
		{0B9C7FBA-55A1-4278-86C3-59F3B0D0941D}.Release|Any CPU.Build.0 = Release|Any CPU
		{1EB8ACD7-D448-4EB6-A78E-5CBEA70A0BDB}.Debug|Any CPU.ActiveCfg = Debug|Any CPU
		{1EB8ACD7-D448-4EB6-A78E-5CBEA70A0BDB}.Debug|Any CPU.Build.0 = Debug|Any CPU
		{1EB8ACD7-D448-4EB6-A78E-5CBEA70A0BDB}.Release|Any CPU.ActiveCfg = Release|Any CPU
		{1EB8ACD7-D448-4EB6-A78E-5CBEA70A0BDB}.Release|Any CPU.Build.0 = Release|Any CPU
		{F9212600-5FA0-4E12-AE14-C762BCDCB490}.Debug|Any CPU.ActiveCfg = Debug|Any CPU
		{F9212600-5FA0-4E12-AE14-C762BCDCB490}.Debug|Any CPU.Build.0 = Debug|Any CPU
		{F9212600-5FA0-4E12-AE14-C762BCDCB490}.Release|Any CPU.ActiveCfg = Release|Any CPU
		{F9212600-5FA0-4E12-AE14-C762BCDCB490}.Release|Any CPU.Build.0 = Release|Any CPU
		{98AB2C2F-D8B0-4640-BFB2-8688E695048F}.Debug|Any CPU.ActiveCfg = Debug|Any CPU
		{98AB2C2F-D8B0-4640-BFB2-8688E695048F}.Debug|Any CPU.Build.0 = Debug|Any CPU
		{98AB2C2F-D8B0-4640-BFB2-8688E695048F}.Release|Any CPU.ActiveCfg = Release|Any CPU
		{98AB2C2F-D8B0-4640-BFB2-8688E695048F}.Release|Any CPU.Build.0 = Release|Any CPU
		{1D45F02E-192F-434A-B8BE-0BBE30706450}.Debug|Any CPU.ActiveCfg = Debug|Any CPU
		{1D45F02E-192F-434A-B8BE-0BBE30706450}.Debug|Any CPU.Build.0 = Debug|Any CPU
		{1D45F02E-192F-434A-B8BE-0BBE30706450}.Release|Any CPU.ActiveCfg = Release|Any CPU
		{1D45F02E-192F-434A-B8BE-0BBE30706450}.Release|Any CPU.Build.0 = Release|Any CPU
		{73F75ED4-70D5-430D-9611-EB529FEC834F}.Debug|Any CPU.ActiveCfg = Debug|Any CPU
		{73F75ED4-70D5-430D-9611-EB529FEC834F}.Debug|Any CPU.Build.0 = Debug|Any CPU
		{73F75ED4-70D5-430D-9611-EB529FEC834F}.Release|Any CPU.ActiveCfg = Release|Any CPU
		{73F75ED4-70D5-430D-9611-EB529FEC834F}.Release|Any CPU.Build.0 = Release|Any CPU
		{74F75377-1ED1-4838-A736-D7C1F27AF4A4}.Debug|Any CPU.ActiveCfg = Debug|Any CPU
		{74F75377-1ED1-4838-A736-D7C1F27AF4A4}.Debug|Any CPU.Build.0 = Debug|Any CPU
		{74F75377-1ED1-4838-A736-D7C1F27AF4A4}.Release|Any CPU.ActiveCfg = Release|Any CPU
		{74F75377-1ED1-4838-A736-D7C1F27AF4A4}.Release|Any CPU.Build.0 = Release|Any CPU
		{3DA9547B-DC83-4695-B4E3-34B9621B3BC4}.Debug|Any CPU.ActiveCfg = Debug|Any CPU
		{3DA9547B-DC83-4695-B4E3-34B9621B3BC4}.Debug|Any CPU.Build.0 = Debug|Any CPU
		{3DA9547B-DC83-4695-B4E3-34B9621B3BC4}.Release|Any CPU.ActiveCfg = Release|Any CPU
		{3DA9547B-DC83-4695-B4E3-34B9621B3BC4}.Release|Any CPU.Build.0 = Release|Any CPU
		{0854121C-A3CC-4300-B740-B509B5088BA4}.Debug|Any CPU.ActiveCfg = Debug|Any CPU
		{0854121C-A3CC-4300-B740-B509B5088BA4}.Debug|Any CPU.Build.0 = Debug|Any CPU
		{0854121C-A3CC-4300-B740-B509B5088BA4}.Release|Any CPU.ActiveCfg = Release|Any CPU
		{0854121C-A3CC-4300-B740-B509B5088BA4}.Release|Any CPU.Build.0 = Release|Any CPU
		{BB4C47E0-8E55-4248-B9D9-410BD4E046D6}.Debug|Any CPU.ActiveCfg = Debug|Any CPU
		{BB4C47E0-8E55-4248-B9D9-410BD4E046D6}.Debug|Any CPU.Build.0 = Debug|Any CPU
		{BB4C47E0-8E55-4248-B9D9-410BD4E046D6}.Release|Any CPU.ActiveCfg = Release|Any CPU
		{BB4C47E0-8E55-4248-B9D9-410BD4E046D6}.Release|Any CPU.Build.0 = Release|Any CPU
		{87DAD1CF-9D5E-462E-8D66-62713D5F82CE}.Debug|Any CPU.ActiveCfg = Debug|Any CPU
		{87DAD1CF-9D5E-462E-8D66-62713D5F82CE}.Debug|Any CPU.Build.0 = Debug|Any CPU
		{87DAD1CF-9D5E-462E-8D66-62713D5F82CE}.Release|Any CPU.ActiveCfg = Release|Any CPU
		{87DAD1CF-9D5E-462E-8D66-62713D5F82CE}.Release|Any CPU.Build.0 = Release|Any CPU
	EndGlobalSection
	GlobalSection(SolutionProperties) = preSolution
		HideSolutionNode = FALSE
	EndGlobalSection
	GlobalSection(NestedProjects) = preSolution
		{B36AB429-D653-41A1-9C0B-A269F991C0A0} = {DB753BC3-28B5-4065-B96E-644A051BDE51}
		{1BBB96A9-12B9-4358-82C6-ECD57ABAD0D8} = {3EDAFF7B-99E8-4B3D-BD09-2C3CCC2540EE}
		{1662DEA3-49CC-4B2E-BA10-54BC35F74821} = {C902244F-5A13-4FB7-BD65-2BBAA9C7BC1C}
		{A582BA92-141A-4E69-85B2-60E688FC6441} = {17867249-3536-4ADD-A6E2-616BD7B5E381}
		{31448DF4-1584-4BA9-A550-67802C2DB96D} = {098E0F29-28E0-4FE4-8DC7-416AD00BDE19}
		{0B9C7FBA-55A1-4278-86C3-59F3B0D0941D} = {9AA4BA83-BEEC-4CCA-B55A-A75AAF06E9D8}
		{1EB8ACD7-D448-4EB6-A78E-5CBEA70A0BDB} = {DD73B75B-623E-4ED1-B0DB-89D055C5179B}
		{F9212600-5FA0-4E12-AE14-C762BCDCB490} = {B7CCBD2B-0417-4C14-B227-8E80975942FC}
		{98AB2C2F-D8B0-4640-BFB2-8688E695048F} = {3686CFF9-CD0A-4E28-A807-0EAC9E6385B4}
		{1D45F02E-192F-434A-B8BE-0BBE30706450} = {086DF53D-10FD-440A-ACCE-DDDAF42227D0}
		{73F75ED4-70D5-430D-9611-EB529FEC834F} = {F6121BF1-A9D1-43D9-A602-9E8ED8D649CD}
		{74F75377-1ED1-4838-A736-D7C1F27AF4A4} = {6856A893-9C73-42AE-9524-3B635EB512E5}
		{3DA9547B-DC83-4695-B4E3-34B9621B3BC4} = {DC515D69-6E63-4AAE-8E26-EC77FC422464}
		{0854121C-A3CC-4300-B740-B509B5088BA4} = {66DDEDC7-E787-49C9-8A57-C2007C185F8F}
		{BB4C47E0-8E55-4248-B9D9-410BD4E046D6} = {AD06BA00-8FF5-4EE0-81B0-2FD582751D17}
		{87DAD1CF-9D5E-462E-8D66-62713D5F82CE} = {07F4FDA0-92A4-4FC5-A3D9-F7020A939477}
	EndGlobalSection
	GlobalSection(ExtensibilityGlobals) = postSolution
		SolutionGuid = {5D9336DE-FD87-40D8-B7D2-89C2A258966E}
	EndGlobalSection
EndGlobal
